
Microsoft Visual Studio Solution File, Format Version 12.00
# Visual Studio Version 16
VisualStudioVersion = 16.0.30406.217
MinimumVisualStudioVersion = 10.0.40219.1
Project("{FAE04EC0-301F-11D3-BF4B-00C04F79EFBC}") = "TextBoxWeb", "TextBoxWeb\TextBoxWeb.csproj", "{9E5409ED-AD21-46DA-94CB-9FC4D12F76F2}"
EndProject
Global
	GlobalSection(SolutionConfigurationPlatforms) = preSolution
		Debug|Any CPU = Debug|Any CPU
		Release|Any CPU = Release|Any CPU
	EndGlobalSection
	GlobalSection(ProjectConfigurationPlatforms) = postSolution
		{9E5409ED-AD21-46DA-94CB-9FC4D12F76F2}.Debug|Any CPU.ActiveCfg = Debug|Any CPU
		{9E5409ED-AD21-46DA-94CB-9FC4D12F76F2}.Debug|Any CPU.Build.0 = Debug|Any CPU
		{9E5409ED-AD21-46DA-94CB-9FC4D12F76F2}.Release|Any CPU.ActiveCfg = Release|Any CPU
		{9E5409ED-AD21-46DA-94CB-9FC4D12F76F2}.Release|Any CPU.Build.0 = Release|Any CPU
	EndGlobalSection
	GlobalSection(SolutionProperties) = preSolution
		HideSolutionNode = FALSE
	EndGlobalSection
	GlobalSection(ExtensibilityGlobals) = postSolution
		SolutionGuid = {4E67026D-0487-4681-A3AA-7D127D600091}
	EndGlobalSection
EndGlobal
